PODS:
  - FinikIosSdk (0.1.15):
    - Flutter
  - Flutter (3.13.0)

DEPENDENCIES:
  - FinikIosSdk (from `../`)

SPEC REPOS:
  trunk:
    - Flutter

EXTERNAL SOURCES:
  FinikIosSdk:
    :path: "../"

SPEC CHECKSUMS:
  FinikIosSdk: 4e1f2d86fec817cccc8cf5a6a16a4aa6d00ef669
  Flutter: 8ff16720b007bae16abfe75ef9fe3ee45ead486a

PODFILE CHECKSUM: f415912fb50b84a286b62b6f43faf5c3bb2a01c9

COCOAPODS: 1.16.2
