PODS:
  - FinikIosSdk (0.1.15)

DEPENDENCIES:
  - FinikIosSdk (from `https://github.com/mancho-devs/finik-ios-sdk.git`)

EXTERNAL SOURCES:
  FinikIosSdk:
    :git: https://github.com/mancho-devs/finik-ios-sdk.git

CHECKOUT OPTIONS:
  FinikIosSdk:
    :commit: a344d2cb98f10a6ebddb5431543fe9f59d601a24
    :git: https://github.com/mancho-devs/finik-ios-sdk.git

SPEC CHECKSUMS:
  FinikIosSdk: 990cd8483b9a3d8cc7dba6a2c1a9c91a73ff75ba

PODFILE CHECKSUM: b92bad5858d3eda3a77ee0cd2aed87821d61085a

COCOAPODS: 1.16.2
