PODS:
  - FinikFlutterEngine (3.35.7)
  - FinikIosSdk (2.8.2):
    - FinikFlutterEngine

DEPENDENCIES:
  - FinikIosSdk (from `../`)

SPEC REPOS:
  trunk:
    - FinikFlutterEngine

EXTERNAL SOURCES:
  FinikIosSdk:
    :path: "../"

SPEC CHECKSUMS:
  FinikFlutterEngine: 83814caf020e2860be77b77b12590e3b00e1e658
  FinikIosSdk: b90c2a203a1adb39cb798f14ad19df449a5194e6

PODFILE CHECKSUM: 5478efc7483c8d0d3bf2637c21e10cb407cc4ec1

COCOAPODS: 1.16.2
